# This file is automatically @generated by Poetry 1.4.2 and should not be changed by hand.

[[package]]
name = "maturin"
version = "1.0.1"
description = "Build and publish crates with pyo3, rust-cpython and cffi bindings as well as rust binaries as python packages"
category = "dev"
optional = false
python-versions = ">=3.7"
files = [
    {file = "maturin-1.0.1-py3-none-linux_armv6l.whl", hash = "sha256:10097e2602330c0b9db16d7dfd002476f5e5cf99df58ba2f3abc6de64a69e9a6"},
    {file = "maturin-1.0.1-py3-none-macosx_10_7_x86_64.whl", hash = "sha256:9ecebccb111c9c870fb2f5eee17518fe106f676227bb16f204a51e7a162aceec"},
    {file = "maturin-1.0.1-py3-none-macosx_10_9_x86_64.macosx_11_0_arm64.macosx_10_9_universal2.whl", hash = "sha256:b39f9a42b3c8242e3f3ab990bd03ba989c6c07e4de9e21fcf877a2418119d445"},
    {file = "maturin-1.0.1-py3-none-manylinux_2_12_i686.manylinux2010_i686.musllinux_1_1_i686.whl", hash = "sha256:c0b1efa47f8b7d15bc5945159764ce57316f9d1bfb7c8caa07cebdd41318359b"},
    {file = "maturin-1.0.1-py3-none-manylinux_2_12_x86_64.manylinux2010_x86_64.musllinux_1_1_x86_64.whl", hash = "sha256:d392ec0578d9e6f03914837cef7bbb264d5708807e0b48176b6ff0b50083ba7c"},
    {file = "maturin-1.0.1-py3-none-manylinux_2_17_aarch64.manylinux2014_aarch64.musllinux_1_1_aarch64.whl", hash = "sha256:d271b24febbfc020561984b1acdfc39b132df21f4e42d7af0fe274ea738c8000"},
    {file = "maturin-1.0.1-py3-none-manylinux_2_17_armv7l.manylinux2014_armv7l.musllinux_1_1_armv7l.whl", hash = "sha256:8d88d1595d7514c27df96d5f4fe3dc5f24288528a746439403f27c3b448fca16"},
    {file = "maturin-1.0.1-py3-none-manylinux_2_17_ppc64le.manylinux2014_ppc64le.musllinux_1_1_ppc64le.whl", hash = "sha256:04c0279dd0d6ccd317018bd1a43f52cbda715822537ae1a68015c9171f18b2fd"},
    {file = "maturin-1.0.1-py3-none-manylinux_2_17_s390x.manylinux2014_s390x.whl", hash = "sha256:787bb56c80eda482ece2dd4788d479dbd0e74d981b2e2c538228365c19290fb7"},
    {file = "maturin-1.0.1-py3-none-win32.whl", hash = "sha256:6d9b4ff7c2d501e91886b859296f5c0478fc08bc7d537a72f98a69d51ff4f519"},
    {file = "maturin-1.0.1-py3-none-win_amd64.whl", hash = "sha256:2907b345186a83db4bbe5571830509b3031784d08958b32d2ffa7857bd473725"},
    {file = "maturin-1.0.1-py3-none-win_arm64.whl", hash = "sha256:6b020b9abbd1e9fef468c171216dc4be053834b5bf638075264ee090a993b0b0"},
    {file = "maturin-1.0.1.tar.gz", hash = "sha256:71fdb2dbbd5bcc60bd91ddcbe34dba9f04cc53c2add089a95a79d0d8fc8337b8"},
]

[package.dependencies]
tomli = {version = ">=1.1.0", markers = "python_version < \"3.11\""}

[package.extras]
patchelf = ["patchelf"]
zig = ["ziglang (>=0.10.0,<0.11.0)"]

[[package]]
name = "tomli"
version = "2.0.1"
description = "A lil' TOML parser"
category = "dev"
optional = false
python-versions = ">=3.7"
files = [
    {file = "tomli-2.0.1-py3-none-any.whl", hash = "sha256:939de3e7a6161af0c887ef91b7d41a53e7c5a1ca976325f429cb46ea9bc30ecc"},
    {file = "tomli-2.0.1.tar.gz", hash = "sha256:de526c12914f0c550d15924c62d72abc48d6fe7364aa87328337a31007fe8a4f"},
]

[metadata]
lock-version = "2.0"
python-versions = "^3.10"
content-hash = "3be22a8868d815d2c59b8a2bbba20f0d03d1cd78906306ee5aff21ee6faf4061"
